
Microsoft Visual Studio Solution File, Format Version 12.00
# Visual Studio 2013
VisualStudioVersion = 12.0.21005.1
MinimumVisualStudioVersion = 10.0.40219.1
Project("{FAE04EC0-301F-11D3-BF4B-00C04F79EFBC}") = "01复习", "01复习\01复习.csproj", "{773EDFE4-6A9F-4713-BBDF-2E5D3F488072}"
EndProject
Project("{FAE04EC0-301F-11D3-BF4B-00C04F79EFBC}") = "02文件流", "02文件流\02文件流.csproj", "{297E0F2B-BDC3-41C3-8535-999341CB056C}"
EndProject
Project("{FAE04EC0-301F-11D3-BF4B-00C04F79EFBC}") = "03使用FileStream读写大文件", "03使用FileStream读写大文件\03使用FileStream读写大文件.csproj", "{C1083FC3-35DA-4DF2-B982-D41C3586FF68}"
EndProject
Project("{FAE04EC0-301F-11D3-BF4B-00C04F79EFBC}") = "04StreamWriter和StreamReader", "04StreamWriter和StreamReader\04StreamWriter和StreamReader.csproj", "{6F7F8C4A-E45F-4135-90AA-34D10CE88719}"
EndProject
Project("{FAE04EC0-301F-11D3-BF4B-00C04F79EFBC}") = "05撞向和拆箱", "05撞向和拆箱\05撞向和拆箱.csproj", "{8C707CCA-A9DD-45EE-A527-E495A39BAC40}"
EndProject
Project("{FAE04EC0-301F-11D3-BF4B-00C04F79EFBC}") = "06List泛型集合", "06List泛型集合\06List泛型集合.csproj", "{892B4A71-11E8-47FD-B941-024C58B2286F}"
EndProject
Project("{FAE04EC0-301F-11D3-BF4B-00C04F79EFBC}") = "07Dictionary键值对集合", "07Dictionary键值对集合\07Dictionary键值对集合.csproj", "{D005C167-895F-4C42-AD05-B9F0D4F4ECB4}"
EndProject
Project("{FAE04EC0-301F-11D3-BF4B-00C04F79EFBC}") = "08集合练习", "08集合练习\08集合练习.csproj", "{83AD8BA7-7C34-46DB-9444-A393BB4C7CB4}"
EndProject
Project("{FAE04EC0-301F-11D3-BF4B-00C04F79EFBC}") = "09多态", "09多态\09多态.csproj", "{8F857514-C65E-459F-B1B9-62C80F8404EC}"
EndProject
Project("{FAE04EC0-301F-11D3-BF4B-00C04F79EFBC}") = "10多态练习", "10多态练习\10多态练习.csproj", "{53A47BA9-D15F-46E7-81A4-9701DD3B9996}"
EndProject
Project("{FAE04EC0-301F-11D3-BF4B-00C04F79EFBC}") = "11、抽象类", "11、抽象类\11、抽象类.csproj", "{8259F35E-48AF-45D7-A41F-1ECE9762BFE8}"
EndProject
Project("{FAE04EC0-301F-11D3-BF4B-00C04F79EFBC}") = "12、抽象类", "12、抽象类\12、抽象类.csproj", "{4165AE99-F4CE-4D31-BA6E-41351BBF9891}"
EndProject
Global
	GlobalSection(SolutionConfigurationPlatforms) = preSolution
		Debug|Any CPU = Debug|Any CPU
		Release|Any CPU = Release|Any CPU
	EndGlobalSection
	GlobalSection(ProjectConfigurationPlatforms) = postSolution
		{773EDFE4-6A9F-4713-BBDF-2E5D3F488072}.Debug|Any CPU.ActiveCfg = Debug|Any CPU
		{773EDFE4-6A9F-4713-BBDF-2E5D3F488072}.Debug|Any CPU.Build.0 = Debug|Any CPU
		{773EDFE4-6A9F-4713-BBDF-2E5D3F488072}.Release|Any CPU.ActiveCfg = Release|Any CPU
		{773EDFE4-6A9F-4713-BBDF-2E5D3F488072}.Release|Any CPU.Build.0 = Release|Any CPU
		{297E0F2B-BDC3-41C3-8535-999341CB056C}.Debug|Any CPU.ActiveCfg = Debug|Any CPU
		{297E0F2B-BDC3-41C3-8535-999341CB056C}.Debug|Any CPU.Build.0 = Debug|Any CPU
		{297E0F2B-BDC3-41C3-8535-999341CB056C}.Release|Any CPU.ActiveCfg = Release|Any CPU
		{297E0F2B-BDC3-41C3-8535-999341CB056C}.Release|Any CPU.Build.0 = Release|Any CPU
		{C1083FC3-35DA-4DF2-B982-D41C3586FF68}.Debug|Any CPU.ActiveCfg = Debug|Any CPU
		{C1083FC3-35DA-4DF2-B982-D41C3586FF68}.Debug|Any CPU.Build.0 = Debug|Any CPU
		{C1083FC3-35DA-4DF2-B982-D41C3586FF68}.Release|Any CPU.ActiveCfg = Release|Any CPU
		{C1083FC3-35DA-4DF2-B982-D41C3586FF68}.Release|Any CPU.Build.0 = Release|Any CPU
		{6F7F8C4A-E45F-4135-90AA-34D10CE88719}.Debug|Any CPU.ActiveCfg = Debug|Any CPU
		{6F7F8C4A-E45F-4135-90AA-34D10CE88719}.Debug|Any CPU.Build.0 = Debug|Any CPU
		{6F7F8C4A-E45F-4135-90AA-34D10CE88719}.Release|Any CPU.ActiveCfg = Release|Any CPU
		{6F7F8C4A-E45F-4135-90AA-34D10CE88719}.Release|Any CPU.Build.0 = Release|Any CPU
		{8C707CCA-A9DD-45EE-A527-E495A39BAC40}.Debug|Any CPU.ActiveCfg = Debug|Any CPU
		{8C707CCA-A9DD-45EE-A527-E495A39BAC40}.Debug|Any CPU.Build.0 = Debug|Any CPU
		{8C707CCA-A9DD-45EE-A527-E495A39BAC40}.Release|Any CPU.ActiveCfg = Release|Any CPU
		{8C707CCA-A9DD-45EE-A527-E495A39BAC40}.Release|Any CPU.Build.0 = Release|Any CPU
		{892B4A71-11E8-47FD-B941-024C58B2286F}.Debug|Any CPU.ActiveCfg = Debug|Any CPU
		{892B4A71-11E8-47FD-B941-024C58B2286F}.Debug|Any CPU.Build.0 = Debug|Any CPU
		{892B4A71-11E8-47FD-B941-024C58B2286F}.Release|Any CPU.ActiveCfg = Release|Any CPU
		{892B4A71-11E8-47FD-B941-024C58B2286F}.Release|Any CPU.Build.0 = Release|Any CPU
		{D005C167-895F-4C42-AD05-B9F0D4F4ECB4}.Debug|Any CPU.ActiveCfg = Debug|Any CPU
		{D005C167-895F-4C42-AD05-B9F0D4F4ECB4}.Debug|Any CPU.Build.0 = Debug|Any CPU
		{D005C167-895F-4C42-AD05-B9F0D4F4ECB4}.Release|Any CPU.ActiveCfg = Release|Any CPU
		{D005C167-895F-4C42-AD05-B9F0D4F4ECB4}.Release|Any CPU.Build.0 = Release|Any CPU
		{83AD8BA7-7C34-46DB-9444-A393BB4C7CB4}.Debug|Any CPU.ActiveCfg = Debug|Any CPU
		{83AD8BA7-7C34-46DB-9444-A393BB4C7CB4}.Debug|Any CPU.Build.0 = Debug|Any CPU
		{83AD8BA7-7C34-46DB-9444-A393BB4C7CB4}.Release|Any CPU.ActiveCfg = Release|Any CPU
		{83AD8BA7-7C34-46DB-9444-A393BB4C7CB4}.Release|Any CPU.Build.0 = Release|Any CPU
		{8F857514-C65E-459F-B1B9-62C80F8404EC}.Debug|Any CPU.ActiveCfg = Debug|Any CPU
		{8F857514-C65E-459F-B1B9-62C80F8404EC}.Debug|Any CPU.Build.0 = Debug|Any CPU
		{8F857514-C65E-459F-B1B9-62C80F8404EC}.Release|Any CPU.ActiveCfg = Release|Any CPU
		{8F857514-C65E-459F-B1B9-62C80F8404EC}.Release|Any CPU.Build.0 = Release|Any CPU
		{53A47BA9-D15F-46E7-81A4-9701DD3B9996}.Debug|Any CPU.ActiveCfg = Debug|Any CPU
		{53A47BA9-D15F-46E7-81A4-9701DD3B9996}.Debug|Any CPU.Build.0 = Debug|Any CPU
		{53A47BA9-D15F-46E7-81A4-9701DD3B9996}.Release|Any CPU.ActiveCfg = Release|Any CPU
		{53A47BA9-D15F-46E7-81A4-9701DD3B9996}.Release|Any CPU.Build.0 = Release|Any CPU
		{8259F35E-48AF-45D7-A41F-1ECE9762BFE8}.Debug|Any CPU.ActiveCfg = Debug|Any CPU
		{8259F35E-48AF-45D7-A41F-1ECE9762BFE8}.Debug|Any CPU.Build.0 = Debug|Any CPU
		{8259F35E-48AF-45D7-A41F-1ECE9762BFE8}.Release|Any CPU.ActiveCfg = Release|Any CPU
		{8259F35E-48AF-45D7-A41F-1ECE9762BFE8}.Release|Any CPU.Build.0 = Release|Any CPU
		{4165AE99-F4CE-4D31-BA6E-41351BBF9891}.Debug|Any CPU.ActiveCfg = Debug|Any CPU
		{4165AE99-F4CE-4D31-BA6E-41351BBF9891}.Debug|Any CPU.Build.0 = Debug|Any CPU
		{4165AE99-F4CE-4D31-BA6E-41351BBF9891}.Release|Any CPU.ActiveCfg = Release|Any CPU
		{4165AE99-F4CE-4D31-BA6E-41351BBF9891}.Release|Any CPU.Build.0 = Release|Any CPU
	EndGlobalSection
	GlobalSection(SolutionProperties) = preSolution
		HideSolutionNode = FALSE
	EndGlobalSection
EndGlobal
