
Microsoft Visual Studio Solution File, Format Version 12.00
# Visual Studio 15
VisualStudioVersion = 15.0.28307.1525
MinimumVisualStudioVersion = 10.0.40219.1
Project("{FAE04EC0-301F-11D3-BF4B-00C04F79EFBC}") = "ReviewProject", "ReviewProject\ReviewProject.csproj", "{1F27F140-DEA2-48C7-A1CC-DF599DB8842D}"
EndProject
Project("{FAE04EC0-301F-11D3-BF4B-00C04F79EFBC}") = "day06_1_为什么需要委托", "day06_1_为什么需要委托\day06_1_为什么需要委托.csproj", "{BEC33F22-9CC6-47AD-9C60-7F71CFD10C67}"
EndProject
Global
	GlobalSection(SolutionConfigurationPlatforms) = preSolution
		Debug|Any CPU = Debug|Any CPU
		Release|Any CPU = Release|Any CPU
	EndGlobalSection
	GlobalSection(ProjectConfigurationPlatforms) = postSolution
		{1F27F140-DEA2-48C7-A1CC-DF599DB8842D}.Debug|Any CPU.ActiveCfg = Debug|Any CPU
		{1F27F140-DEA2-48C7-A1CC-DF599DB8842D}.Debug|Any CPU.Build.0 = Debug|Any CPU
		{1F27F140-DEA2-48C7-A1CC-DF599DB8842D}.Release|Any CPU.ActiveCfg = Release|Any CPU
		{1F27F140-DEA2-48C7-A1CC-DF599DB8842D}.Release|Any CPU.Build.0 = Release|Any CPU
		{BEC33F22-9CC6-47AD-9C60-7F71CFD10C67}.Debug|Any CPU.ActiveCfg = Debug|Any CPU
		{BEC33F22-9CC6-47AD-9C60-7F71CFD10C67}.Debug|Any CPU.Build.0 = Debug|Any CPU
		{BEC33F22-9CC6-47AD-9C60-7F71CFD10C67}.Release|Any CPU.ActiveCfg = Release|Any CPU
		{BEC33F22-9CC6-47AD-9C60-7F71CFD10C67}.Release|Any CPU.Build.0 = Release|Any CPU
	EndGlobalSection
	GlobalSection(SolutionProperties) = preSolution
		HideSolutionNode = FALSE
	EndGlobalSection
	GlobalSection(ExtensibilityGlobals) = postSolution
		SolutionGuid = {3B134E20-42F7-48C4-A3C8-CBECE1E81D9D}
	EndGlobalSection
EndGlobal
