
Microsoft Visual Studio Solution File, Format Version 12.00
# Visual Studio 15
VisualStudioVersion = 15.0.27703.2042
MinimumVisualStudioVersion = 10.0.40219.1
Project("{FAE04EC0-301F-11D3-BF4B-00C04F79EFBC}") = "ExerciseProject", "ExerciseProject\ExerciseProject.csproj", "{CE02C967-0283-4826-9B90-D08F3DFCAECE}"
EndProject
Project("{FAE04EC0-301F-11D3-BF4B-00C04F79EFBC}") = "day01", "day01\day01.csproj", "{1BD37487-05C2-4B6D-AF6C-461A3755A82D}"
EndProject
Project("{FAE04EC0-301F-11D3-BF4B-00C04F79EFBC}") = "day02", "day02\day02.csproj", "{AF37F66B-90E5-4A72-8A5A-330DA5783D0C}"
EndProject
Project("{FAE04EC0-301F-11D3-BF4B-00C04F79EFBC}") = "day03", "day03\day03.csproj", "{AA1ABCA0-1302-465A-A65C-245CFB761FFC}"
EndProject
Project("{FAE04EC0-301F-11D3-BF4B-00C04F79EFBC}") = "day04", "day04\day04.csproj", "{A33777B3-A603-4A88-AD22-6677B8C4A004}"
EndProject
Project("{FAE04EC0-301F-11D3-BF4B-00C04F79EFBC}") = "day05", "day05\day05.csproj", "{E6DBBE56-1FE2-4BF3-8829-3C5BC3C604EE}"
EndProject
Project("{FAE04EC0-301F-11D3-BF4B-00C04F79EFBC}") = "day06", "day06\day06.csproj", "{30A229EC-D152-4CB7-9688-58E56F614FA7}"
EndProject
Project("{FAE04EC0-301F-11D3-BF4B-00C04F79EFBC}") = "day08", "day08\day08.csproj", "{DEC3EBDC-54E8-4544-A9C0-F100A865711C}"
EndProject
Project("{FAE04EC0-301F-11D3-BF4B-00C04F79EFBC}") = "day07", "day07\day07.csproj", "{6AF24095-32FB-4640-89B7-D8BC6CB08145}"
EndProject
Project("{FAE04EC0-301F-11D3-BF4B-00C04F79EFBC}") = "day10", "day10\day10.csproj", "{EF88CCAC-16EF-41AC-8484-5B23B9DAC65A}"
EndProject
Project("{FAE04EC0-301F-11D3-BF4B-00C04F79EFBC}") = "day11", "day11\day11.csproj", "{491F8C32-BD8F-4838-B9B2-9C70204A1E7A}"
EndProject
Project("{FAE04EC0-301F-11D3-BF4B-00C04F79EFBC}") = "day12", "day12\day12.csproj", "{9F942F0A-869A-41A0-93FC-A93D76DD5316}"
EndProject
Project("{FAE04EC0-301F-11D3-BF4B-00C04F79EFBC}") = "day13", "day13\day13.csproj", "{4ED000E2-43EE-4771-B72C-DF2874374FC0}"
EndProject
Project("{FAE04EC0-301F-11D3-BF4B-00C04F79EFBC}") = "day14", "day14\day14.csproj", "{9292B922-9A5D-40A2-A40D-74985A0A5D50}"
EndProject
Project("{FAE04EC0-301F-11D3-BF4B-00C04F79EFBC}") = "day14_简单记事本", "day14_简单记事本\day14_简单记事本.csproj", "{27707422-26EB-454E-8D3B-8212FFA58C63}"
EndProject
Project("{FAE04EC0-301F-11D3-BF4B-00C04F79EFBC}") = "day15", "day15\day15.csproj", "{0747B32F-D5C7-4E6A-9FB3-B595FEABE47E}"
EndProject
Project("{FAE04EC0-301F-11D3-BF4B-00C04F79EFBC}") = "day15_小闹钟", "day15_小闹钟\day15_小闹钟.csproj", "{E2133A47-14AC-48B7-B7F1-16E22E7B4039}"
EndProject
Project("{FAE04EC0-301F-11D3-BF4B-00C04F79EFBC}") = "day15_Do You Love Me", "day15_Do You Love Me\day15_Do You Love Me.csproj", "{D914C2F2-A138-4147-A3DA-C116485569F0}"
EndProject
Project("{FAE04EC0-301F-11D3-BF4B-00C04F79EFBC}") = "day15_学生老师登录", "day15_学生老师登录\day15_学生老师登录.csproj", "{BC08A395-16F5-4C1A-B443-F46D32DA0331}"
EndProject
Project("{FAE04EC0-301F-11D3-BF4B-00C04F79EFBC}") = "day15_组件练习", "day15_组件练习\day15_组件练习.csproj", "{0C5C3BE9-23C8-4589-A4D4-D29F96A93481}"
EndProject
Project("{FAE04EC0-301F-11D3-BF4B-00C04F79EFBC}") = "day15_浏览器", "day15_浏览器\day15_浏览器.csproj", "{DD423C76-BCAD-4582-9459-6E4021209705}"
EndProject
Project("{FAE04EC0-301F-11D3-BF4B-00C04F79EFBC}") = "day15_MIDBox", "day15_MIDBox\day15_MIDBox.csproj", "{71C51D80-9868-40F9-A96B-FC57ADD13F07}"
EndProject
Project("{FAE04EC0-301F-11D3-BF4B-00C04F79EFBC}") = "day15_图片的上下翻页", "day15_图片的上下翻页\day15_图片的上下翻页.csproj", "{AFFFCCB5-EC39-47E4-968D-E295213A9F88}"
EndProject
Global
	GlobalSection(SolutionConfigurationPlatforms) = preSolution
		Debug|Any CPU = Debug|Any CPU
		Debug|x64 = Debug|x64
		Debug|x86 = Debug|x86
		Release|Any CPU = Release|Any CPU
		Release|x64 = Release|x64
		Release|x86 = Release|x86
	EndGlobalSection
	GlobalSection(ProjectConfigurationPlatforms) = postSolution
		{CE02C967-0283-4826-9B90-D08F3DFCAECE}.Debug|Any CPU.ActiveCfg = Debug|Any CPU
		{CE02C967-0283-4826-9B90-D08F3DFCAECE}.Debug|Any CPU.Build.0 = Debug|Any CPU
		{CE02C967-0283-4826-9B90-D08F3DFCAECE}.Debug|x64.ActiveCfg = Debug|Any CPU
		{CE02C967-0283-4826-9B90-D08F3DFCAECE}.Debug|x64.Build.0 = Debug|Any CPU
		{CE02C967-0283-4826-9B90-D08F3DFCAECE}.Debug|x86.ActiveCfg = Debug|Any CPU
		{CE02C967-0283-4826-9B90-D08F3DFCAECE}.Debug|x86.Build.0 = Debug|Any CPU
		{CE02C967-0283-4826-9B90-D08F3DFCAECE}.Release|Any CPU.ActiveCfg = Release|Any CPU
		{CE02C967-0283-4826-9B90-D08F3DFCAECE}.Release|Any CPU.Build.0 = Release|Any CPU
		{CE02C967-0283-4826-9B90-D08F3DFCAECE}.Release|x64.ActiveCfg = Release|Any CPU
		{CE02C967-0283-4826-9B90-D08F3DFCAECE}.Release|x64.Build.0 = Release|Any CPU
		{CE02C967-0283-4826-9B90-D08F3DFCAECE}.Release|x86.ActiveCfg = Release|Any CPU
		{CE02C967-0283-4826-9B90-D08F3DFCAECE}.Release|x86.Build.0 = Release|Any CPU
		{1BD37487-05C2-4B6D-AF6C-461A3755A82D}.Debug|Any CPU.ActiveCfg = Debug|Any CPU
		{1BD37487-05C2-4B6D-AF6C-461A3755A82D}.Debug|Any CPU.Build.0 = Debug|Any CPU
		{1BD37487-05C2-4B6D-AF6C-461A3755A82D}.Debug|x64.ActiveCfg = Debug|Any CPU
		{1BD37487-05C2-4B6D-AF6C-461A3755A82D}.Debug|x64.Build.0 = Debug|Any CPU
		{1BD37487-05C2-4B6D-AF6C-461A3755A82D}.Debug|x86.ActiveCfg = Debug|Any CPU
		{1BD37487-05C2-4B6D-AF6C-461A3755A82D}.Debug|x86.Build.0 = Debug|Any CPU
		{1BD37487-05C2-4B6D-AF6C-461A3755A82D}.Release|Any CPU.ActiveCfg = Release|Any CPU
		{1BD37487-05C2-4B6D-AF6C-461A3755A82D}.Release|Any CPU.Build.0 = Release|Any CPU
		{1BD37487-05C2-4B6D-AF6C-461A3755A82D}.Release|x64.ActiveCfg = Release|Any CPU
		{1BD37487-05C2-4B6D-AF6C-461A3755A82D}.Release|x64.Build.0 = Release|Any CPU
		{1BD37487-05C2-4B6D-AF6C-461A3755A82D}.Release|x86.ActiveCfg = Release|Any CPU
		{1BD37487-05C2-4B6D-AF6C-461A3755A82D}.Release|x86.Build.0 = Release|Any CPU
		{AF37F66B-90E5-4A72-8A5A-330DA5783D0C}.Debug|Any CPU.ActiveCfg = Debug|Any CPU
		{AF37F66B-90E5-4A72-8A5A-330DA5783D0C}.Debug|Any CPU.Build.0 = Debug|Any CPU
		{AF37F66B-90E5-4A72-8A5A-330DA5783D0C}.Debug|x64.ActiveCfg = Debug|Any CPU
		{AF37F66B-90E5-4A72-8A5A-330DA5783D0C}.Debug|x64.Build.0 = Debug|Any CPU
		{AF37F66B-90E5-4A72-8A5A-330DA5783D0C}.Debug|x86.ActiveCfg = Debug|Any CPU
		{AF37F66B-90E5-4A72-8A5A-330DA5783D0C}.Debug|x86.Build.0 = Debug|Any CPU
		{AF37F66B-90E5-4A72-8A5A-330DA5783D0C}.Release|Any CPU.ActiveCfg = Release|Any CPU
		{AF37F66B-90E5-4A72-8A5A-330DA5783D0C}.Release|Any CPU.Build.0 = Release|Any CPU
		{AF37F66B-90E5-4A72-8A5A-330DA5783D0C}.Release|x64.ActiveCfg = Release|Any CPU
		{AF37F66B-90E5-4A72-8A5A-330DA5783D0C}.Release|x64.Build.0 = Release|Any CPU
		{AF37F66B-90E5-4A72-8A5A-330DA5783D0C}.Release|x86.ActiveCfg = Release|Any CPU
		{AF37F66B-90E5-4A72-8A5A-330DA5783D0C}.Release|x86.Build.0 = Release|Any CPU
		{AA1ABCA0-1302-465A-A65C-245CFB761FFC}.Debug|Any CPU.ActiveCfg = Debug|Any CPU
		{AA1ABCA0-1302-465A-A65C-245CFB761FFC}.Debug|Any CPU.Build.0 = Debug|Any CPU
		{AA1ABCA0-1302-465A-A65C-245CFB761FFC}.Debug|x64.ActiveCfg = Debug|Any CPU
		{AA1ABCA0-1302-465A-A65C-245CFB761FFC}.Debug|x64.Build.0 = Debug|Any CPU
		{AA1ABCA0-1302-465A-A65C-245CFB761FFC}.Debug|x86.ActiveCfg = Debug|Any CPU
		{AA1ABCA0-1302-465A-A65C-245CFB761FFC}.Debug|x86.Build.0 = Debug|Any CPU
		{AA1ABCA0-1302-465A-A65C-245CFB761FFC}.Release|Any CPU.ActiveCfg = Release|Any CPU
		{AA1ABCA0-1302-465A-A65C-245CFB761FFC}.Release|Any CPU.Build.0 = Release|Any CPU
		{AA1ABCA0-1302-465A-A65C-245CFB761FFC}.Release|x64.ActiveCfg = Release|Any CPU
		{AA1ABCA0-1302-465A-A65C-245CFB761FFC}.Release|x64.Build.0 = Release|Any CPU
		{AA1ABCA0-1302-465A-A65C-245CFB761FFC}.Release|x86.ActiveCfg = Release|Any CPU
		{AA1ABCA0-1302-465A-A65C-245CFB761FFC}.Release|x86.Build.0 = Release|Any CPU
		{A33777B3-A603-4A88-AD22-6677B8C4A004}.Debug|Any CPU.ActiveCfg = Debug|Any CPU
		{A33777B3-A603-4A88-AD22-6677B8C4A004}.Debug|Any CPU.Build.0 = Debug|Any CPU
		{A33777B3-A603-4A88-AD22-6677B8C4A004}.Debug|x64.ActiveCfg = Debug|Any CPU
		{A33777B3-A603-4A88-AD22-6677B8C4A004}.Debug|x64.Build.0 = Debug|Any CPU
		{A33777B3-A603-4A88-AD22-6677B8C4A004}.Debug|x86.ActiveCfg = Debug|Any CPU
		{A33777B3-A603-4A88-AD22-6677B8C4A004}.Debug|x86.Build.0 = Debug|Any CPU
		{A33777B3-A603-4A88-AD22-6677B8C4A004}.Release|Any CPU.ActiveCfg = Release|Any CPU
		{A33777B3-A603-4A88-AD22-6677B8C4A004}.Release|Any CPU.Build.0 = Release|Any CPU
		{A33777B3-A603-4A88-AD22-6677B8C4A004}.Release|x64.ActiveCfg = Release|Any CPU
		{A33777B3-A603-4A88-AD22-6677B8C4A004}.Release|x64.Build.0 = Release|Any CPU
		{A33777B3-A603-4A88-AD22-6677B8C4A004}.Release|x86.ActiveCfg = Release|Any CPU
		{A33777B3-A603-4A88-AD22-6677B8C4A004}.Release|x86.Build.0 = Release|Any CPU
		{E6DBBE56-1FE2-4BF3-8829-3C5BC3C604EE}.Debug|Any CPU.ActiveCfg = Debug|Any CPU
		{E6DBBE56-1FE2-4BF3-8829-3C5BC3C604EE}.Debug|Any CPU.Build.0 = Debug|Any CPU
		{E6DBBE56-1FE2-4BF3-8829-3C5BC3C604EE}.Debug|x64.ActiveCfg = Debug|Any CPU
		{E6DBBE56-1FE2-4BF3-8829-3C5BC3C604EE}.Debug|x64.Build.0 = Debug|Any CPU
		{E6DBBE56-1FE2-4BF3-8829-3C5BC3C604EE}.Debug|x86.ActiveCfg = Debug|Any CPU
		{E6DBBE56-1FE2-4BF3-8829-3C5BC3C604EE}.Debug|x86.Build.0 = Debug|Any CPU
		{E6DBBE56-1FE2-4BF3-8829-3C5BC3C604EE}.Release|Any CPU.ActiveCfg = Release|Any CPU
		{E6DBBE56-1FE2-4BF3-8829-3C5BC3C604EE}.Release|Any CPU.Build.0 = Release|Any CPU
		{E6DBBE56-1FE2-4BF3-8829-3C5BC3C604EE}.Release|x64.ActiveCfg = Release|Any CPU
		{E6DBBE56-1FE2-4BF3-8829-3C5BC3C604EE}.Release|x64.Build.0 = Release|Any CPU
		{E6DBBE56-1FE2-4BF3-8829-3C5BC3C604EE}.Release|x86.ActiveCfg = Release|Any CPU
		{E6DBBE56-1FE2-4BF3-8829-3C5BC3C604EE}.Release|x86.Build.0 = Release|Any CPU
		{30A229EC-D152-4CB7-9688-58E56F614FA7}.Debug|Any CPU.ActiveCfg = Debug|Any CPU
		{30A229EC-D152-4CB7-9688-58E56F614FA7}.Debug|Any CPU.Build.0 = Debug|Any CPU
		{30A229EC-D152-4CB7-9688-58E56F614FA7}.Debug|x64.ActiveCfg = Debug|Any CPU
		{30A229EC-D152-4CB7-9688-58E56F614FA7}.Debug|x64.Build.0 = Debug|Any CPU
		{30A229EC-D152-4CB7-9688-58E56F614FA7}.Debug|x86.ActiveCfg = Debug|Any CPU
		{30A229EC-D152-4CB7-9688-58E56F614FA7}.Debug|x86.Build.0 = Debug|Any CPU
		{30A229EC-D152-4CB7-9688-58E56F614FA7}.Release|Any CPU.ActiveCfg = Release|Any CPU
		{30A229EC-D152-4CB7-9688-58E56F614FA7}.Release|Any CPU.Build.0 = Release|Any CPU
		{30A229EC-D152-4CB7-9688-58E56F614FA7}.Release|x64.ActiveCfg = Release|Any CPU
		{30A229EC-D152-4CB7-9688-58E56F614FA7}.Release|x64.Build.0 = Release|Any CPU
		{30A229EC-D152-4CB7-9688-58E56F614FA7}.Release|x86.ActiveCfg = Release|Any CPU
		{30A229EC-D152-4CB7-9688-58E56F614FA7}.Release|x86.Build.0 = Release|Any CPU
		{DEC3EBDC-54E8-4544-A9C0-F100A865711C}.Debug|Any CPU.ActiveCfg = Debug|Any CPU
		{DEC3EBDC-54E8-4544-A9C0-F100A865711C}.Debug|Any CPU.Build.0 = Debug|Any CPU
		{DEC3EBDC-54E8-4544-A9C0-F100A865711C}.Debug|x64.ActiveCfg = Debug|Any CPU
		{DEC3EBDC-54E8-4544-A9C0-F100A865711C}.Debug|x64.Build.0 = Debug|Any CPU
		{DEC3EBDC-54E8-4544-A9C0-F100A865711C}.Debug|x86.ActiveCfg = Debug|Any CPU
		{DEC3EBDC-54E8-4544-A9C0-F100A865711C}.Debug|x86.Build.0 = Debug|Any CPU
		{DEC3EBDC-54E8-4544-A9C0-F100A865711C}.Release|Any CPU.ActiveCfg = Release|Any CPU
		{DEC3EBDC-54E8-4544-A9C0-F100A865711C}.Release|Any CPU.Build.0 = Release|Any CPU
		{DEC3EBDC-54E8-4544-A9C0-F100A865711C}.Release|x64.ActiveCfg = Release|Any CPU
		{DEC3EBDC-54E8-4544-A9C0-F100A865711C}.Release|x64.Build.0 = Release|Any CPU
		{DEC3EBDC-54E8-4544-A9C0-F100A865711C}.Release|x86.ActiveCfg = Release|Any CPU
		{DEC3EBDC-54E8-4544-A9C0-F100A865711C}.Release|x86.Build.0 = Release|Any CPU
		{6AF24095-32FB-4640-89B7-D8BC6CB08145}.Debug|Any CPU.ActiveCfg = Debug|Any CPU
		{6AF24095-32FB-4640-89B7-D8BC6CB08145}.Debug|Any CPU.Build.0 = Debug|Any CPU
		{6AF24095-32FB-4640-89B7-D8BC6CB08145}.Debug|x64.ActiveCfg = Debug|Any CPU
		{6AF24095-32FB-4640-89B7-D8BC6CB08145}.Debug|x64.Build.0 = Debug|Any CPU
		{6AF24095-32FB-4640-89B7-D8BC6CB08145}.Debug|x86.ActiveCfg = Debug|Any CPU
		{6AF24095-32FB-4640-89B7-D8BC6CB08145}.Debug|x86.Build.0 = Debug|Any CPU
		{6AF24095-32FB-4640-89B7-D8BC6CB08145}.Release|Any CPU.ActiveCfg = Release|Any CPU
		{6AF24095-32FB-4640-89B7-D8BC6CB08145}.Release|Any CPU.Build.0 = Release|Any CPU
		{6AF24095-32FB-4640-89B7-D8BC6CB08145}.Release|x64.ActiveCfg = Release|Any CPU
		{6AF24095-32FB-4640-89B7-D8BC6CB08145}.Release|x64.Build.0 = Release|Any CPU
		{6AF24095-32FB-4640-89B7-D8BC6CB08145}.Release|x86.ActiveCfg = Release|Any CPU
		{6AF24095-32FB-4640-89B7-D8BC6CB08145}.Release|x86.Build.0 = Release|Any CPU
		{EF88CCAC-16EF-41AC-8484-5B23B9DAC65A}.Debug|Any CPU.ActiveCfg = Debug|Any CPU
		{EF88CCAC-16EF-41AC-8484-5B23B9DAC65A}.Debug|Any CPU.Build.0 = Debug|Any CPU
		{EF88CCAC-16EF-41AC-8484-5B23B9DAC65A}.Debug|x64.ActiveCfg = Debug|Any CPU
		{EF88CCAC-16EF-41AC-8484-5B23B9DAC65A}.Debug|x64.Build.0 = Debug|Any CPU
		{EF88CCAC-16EF-41AC-8484-5B23B9DAC65A}.Debug|x86.ActiveCfg = Debug|Any CPU
		{EF88CCAC-16EF-41AC-8484-5B23B9DAC65A}.Debug|x86.Build.0 = Debug|Any CPU
		{EF88CCAC-16EF-41AC-8484-5B23B9DAC65A}.Release|Any CPU.ActiveCfg = Release|Any CPU
		{EF88CCAC-16EF-41AC-8484-5B23B9DAC65A}.Release|Any CPU.Build.0 = Release|Any CPU
		{EF88CCAC-16EF-41AC-8484-5B23B9DAC65A}.Release|x64.ActiveCfg = Release|Any CPU
		{EF88CCAC-16EF-41AC-8484-5B23B9DAC65A}.Release|x64.Build.0 = Release|Any CPU
		{EF88CCAC-16EF-41AC-8484-5B23B9DAC65A}.Release|x86.ActiveCfg = Release|Any CPU
		{EF88CCAC-16EF-41AC-8484-5B23B9DAC65A}.Release|x86.Build.0 = Release|Any CPU
		{491F8C32-BD8F-4838-B9B2-9C70204A1E7A}.Debug|Any CPU.ActiveCfg = Debug|Any CPU
		{491F8C32-BD8F-4838-B9B2-9C70204A1E7A}.Debug|Any CPU.Build.0 = Debug|Any CPU
		{491F8C32-BD8F-4838-B9B2-9C70204A1E7A}.Debug|x64.ActiveCfg = Debug|Any CPU
		{491F8C32-BD8F-4838-B9B2-9C70204A1E7A}.Debug|x64.Build.0 = Debug|Any CPU
		{491F8C32-BD8F-4838-B9B2-9C70204A1E7A}.Debug|x86.ActiveCfg = Debug|Any CPU
		{491F8C32-BD8F-4838-B9B2-9C70204A1E7A}.Debug|x86.Build.0 = Debug|Any CPU
		{491F8C32-BD8F-4838-B9B2-9C70204A1E7A}.Release|Any CPU.ActiveCfg = Release|Any CPU
		{491F8C32-BD8F-4838-B9B2-9C70204A1E7A}.Release|Any CPU.Build.0 = Release|Any CPU
		{491F8C32-BD8F-4838-B9B2-9C70204A1E7A}.Release|x64.ActiveCfg = Release|Any CPU
		{491F8C32-BD8F-4838-B9B2-9C70204A1E7A}.Release|x64.Build.0 = Release|Any CPU
		{491F8C32-BD8F-4838-B9B2-9C70204A1E7A}.Release|x86.ActiveCfg = Release|Any CPU
		{491F8C32-BD8F-4838-B9B2-9C70204A1E7A}.Release|x86.Build.0 = Release|Any CPU
		{9F942F0A-869A-41A0-93FC-A93D76DD5316}.Debug|Any CPU.ActiveCfg = Debug|Any CPU
		{9F942F0A-869A-41A0-93FC-A93D76DD5316}.Debug|Any CPU.Build.0 = Debug|Any CPU
		{9F942F0A-869A-41A0-93FC-A93D76DD5316}.Debug|x64.ActiveCfg = Debug|Any CPU
		{9F942F0A-869A-41A0-93FC-A93D76DD5316}.Debug|x64.Build.0 = Debug|Any CPU
		{9F942F0A-869A-41A0-93FC-A93D76DD5316}.Debug|x86.ActiveCfg = Debug|Any CPU
		{9F942F0A-869A-41A0-93FC-A93D76DD5316}.Debug|x86.Build.0 = Debug|Any CPU
		{9F942F0A-869A-41A0-93FC-A93D76DD5316}.Release|Any CPU.ActiveCfg = Release|Any CPU
		{9F942F0A-869A-41A0-93FC-A93D76DD5316}.Release|Any CPU.Build.0 = Release|Any CPU
		{9F942F0A-869A-41A0-93FC-A93D76DD5316}.Release|x64.ActiveCfg = Release|Any CPU
		{9F942F0A-869A-41A0-93FC-A93D76DD5316}.Release|x64.Build.0 = Release|Any CPU
		{9F942F0A-869A-41A0-93FC-A93D76DD5316}.Release|x86.ActiveCfg = Release|Any CPU
		{9F942F0A-869A-41A0-93FC-A93D76DD5316}.Release|x86.Build.0 = Release|Any CPU
		{4ED000E2-43EE-4771-B72C-DF2874374FC0}.Debug|Any CPU.ActiveCfg = Debug|Any CPU
		{4ED000E2-43EE-4771-B72C-DF2874374FC0}.Debug|Any CPU.Build.0 = Debug|Any CPU
		{4ED000E2-43EE-4771-B72C-DF2874374FC0}.Debug|x64.ActiveCfg = Debug|Any CPU
		{4ED000E2-43EE-4771-B72C-DF2874374FC0}.Debug|x64.Build.0 = Debug|Any CPU
		{4ED000E2-43EE-4771-B72C-DF2874374FC0}.Debug|x86.ActiveCfg = Debug|Any CPU
		{4ED000E2-43EE-4771-B72C-DF2874374FC0}.Debug|x86.Build.0 = Debug|Any CPU
		{4ED000E2-43EE-4771-B72C-DF2874374FC0}.Release|Any CPU.ActiveCfg = Release|Any CPU
		{4ED000E2-43EE-4771-B72C-DF2874374FC0}.Release|Any CPU.Build.0 = Release|Any CPU
		{4ED000E2-43EE-4771-B72C-DF2874374FC0}.Release|x64.ActiveCfg = Release|Any CPU
		{4ED000E2-43EE-4771-B72C-DF2874374FC0}.Release|x64.Build.0 = Release|Any CPU
		{4ED000E2-43EE-4771-B72C-DF2874374FC0}.Release|x86.ActiveCfg = Release|Any CPU
		{4ED000E2-43EE-4771-B72C-DF2874374FC0}.Release|x86.Build.0 = Release|Any CPU
		{9292B922-9A5D-40A2-A40D-74985A0A5D50}.Debug|Any CPU.ActiveCfg = Debug|Any CPU
		{9292B922-9A5D-40A2-A40D-74985A0A5D50}.Debug|Any CPU.Build.0 = Debug|Any CPU
		{9292B922-9A5D-40A2-A40D-74985A0A5D50}.Debug|x64.ActiveCfg = Debug|Any CPU
		{9292B922-9A5D-40A2-A40D-74985A0A5D50}.Debug|x64.Build.0 = Debug|Any CPU
		{9292B922-9A5D-40A2-A40D-74985A0A5D50}.Debug|x86.ActiveCfg = Debug|Any CPU
		{9292B922-9A5D-40A2-A40D-74985A0A5D50}.Debug|x86.Build.0 = Debug|Any CPU
		{9292B922-9A5D-40A2-A40D-74985A0A5D50}.Release|Any CPU.ActiveCfg = Release|Any CPU
		{9292B922-9A5D-40A2-A40D-74985A0A5D50}.Release|Any CPU.Build.0 = Release|Any CPU
		{9292B922-9A5D-40A2-A40D-74985A0A5D50}.Release|x64.ActiveCfg = Release|Any CPU
		{9292B922-9A5D-40A2-A40D-74985A0A5D50}.Release|x64.Build.0 = Release|Any CPU
		{9292B922-9A5D-40A2-A40D-74985A0A5D50}.Release|x86.ActiveCfg = Release|Any CPU
		{9292B922-9A5D-40A2-A40D-74985A0A5D50}.Release|x86.Build.0 = Release|Any CPU
		{27707422-26EB-454E-8D3B-8212FFA58C63}.Debug|Any CPU.ActiveCfg = Debug|Any CPU
		{27707422-26EB-454E-8D3B-8212FFA58C63}.Debug|Any CPU.Build.0 = Debug|Any CPU
		{27707422-26EB-454E-8D3B-8212FFA58C63}.Debug|x64.ActiveCfg = Debug|Any CPU
		{27707422-26EB-454E-8D3B-8212FFA58C63}.Debug|x64.Build.0 = Debug|Any CPU
		{27707422-26EB-454E-8D3B-8212FFA58C63}.Debug|x86.ActiveCfg = Debug|Any CPU
		{27707422-26EB-454E-8D3B-8212FFA58C63}.Debug|x86.Build.0 = Debug|Any CPU
		{27707422-26EB-454E-8D3B-8212FFA58C63}.Release|Any CPU.ActiveCfg = Release|Any CPU
		{27707422-26EB-454E-8D3B-8212FFA58C63}.Release|Any CPU.Build.0 = Release|Any CPU
		{27707422-26EB-454E-8D3B-8212FFA58C63}.Release|x64.ActiveCfg = Release|Any CPU
		{27707422-26EB-454E-8D3B-8212FFA58C63}.Release|x64.Build.0 = Release|Any CPU
		{27707422-26EB-454E-8D3B-8212FFA58C63}.Release|x86.ActiveCfg = Release|Any CPU
		{27707422-26EB-454E-8D3B-8212FFA58C63}.Release|x86.Build.0 = Release|Any CPU
		{0747B32F-D5C7-4E6A-9FB3-B595FEABE47E}.Debug|Any CPU.ActiveCfg = Debug|Any CPU
		{0747B32F-D5C7-4E6A-9FB3-B595FEABE47E}.Debug|Any CPU.Build.0 = Debug|Any CPU
		{0747B32F-D5C7-4E6A-9FB3-B595FEABE47E}.Debug|x64.ActiveCfg = Debug|Any CPU
		{0747B32F-D5C7-4E6A-9FB3-B595FEABE47E}.Debug|x64.Build.0 = Debug|Any CPU
		{0747B32F-D5C7-4E6A-9FB3-B595FEABE47E}.Debug|x86.ActiveCfg = Debug|Any CPU
		{0747B32F-D5C7-4E6A-9FB3-B595FEABE47E}.Debug|x86.Build.0 = Debug|Any CPU
		{0747B32F-D5C7-4E6A-9FB3-B595FEABE47E}.Release|Any CPU.ActiveCfg = Release|Any CPU
		{0747B32F-D5C7-4E6A-9FB3-B595FEABE47E}.Release|Any CPU.Build.0 = Release|Any CPU
		{0747B32F-D5C7-4E6A-9FB3-B595FEABE47E}.Release|x64.ActiveCfg = Release|Any CPU
		{0747B32F-D5C7-4E6A-9FB3-B595FEABE47E}.Release|x64.Build.0 = Release|Any CPU
		{0747B32F-D5C7-4E6A-9FB3-B595FEABE47E}.Release|x86.ActiveCfg = Release|Any CPU
		{0747B32F-D5C7-4E6A-9FB3-B595FEABE47E}.Release|x86.Build.0 = Release|Any CPU
		{E2133A47-14AC-48B7-B7F1-16E22E7B4039}.Debug|Any CPU.ActiveCfg = Debug|Any CPU
		{E2133A47-14AC-48B7-B7F1-16E22E7B4039}.Debug|Any CPU.Build.0 = Debug|Any CPU
		{E2133A47-14AC-48B7-B7F1-16E22E7B4039}.Debug|x64.ActiveCfg = Debug|Any CPU
		{E2133A47-14AC-48B7-B7F1-16E22E7B4039}.Debug|x64.Build.0 = Debug|Any CPU
		{E2133A47-14AC-48B7-B7F1-16E22E7B4039}.Debug|x86.ActiveCfg = Debug|Any CPU
		{E2133A47-14AC-48B7-B7F1-16E22E7B4039}.Debug|x86.Build.0 = Debug|Any CPU
		{E2133A47-14AC-48B7-B7F1-16E22E7B4039}.Release|Any CPU.ActiveCfg = Release|Any CPU
		{E2133A47-14AC-48B7-B7F1-16E22E7B4039}.Release|Any CPU.Build.0 = Release|Any CPU
		{E2133A47-14AC-48B7-B7F1-16E22E7B4039}.Release|x64.ActiveCfg = Release|Any CPU
		{E2133A47-14AC-48B7-B7F1-16E22E7B4039}.Release|x64.Build.0 = Release|Any CPU
		{E2133A47-14AC-48B7-B7F1-16E22E7B4039}.Release|x86.ActiveCfg = Release|Any CPU
		{E2133A47-14AC-48B7-B7F1-16E22E7B4039}.Release|x86.Build.0 = Release|Any CPU
		{D914C2F2-A138-4147-A3DA-C116485569F0}.Debug|Any CPU.ActiveCfg = Debug|Any CPU
		{D914C2F2-A138-4147-A3DA-C116485569F0}.Debug|Any CPU.Build.0 = Debug|Any CPU
		{D914C2F2-A138-4147-A3DA-C116485569F0}.Debug|x64.ActiveCfg = Debug|Any CPU
		{D914C2F2-A138-4147-A3DA-C116485569F0}.Debug|x64.Build.0 = Debug|Any CPU
		{D914C2F2-A138-4147-A3DA-C116485569F0}.Debug|x86.ActiveCfg = Debug|Any CPU
		{D914C2F2-A138-4147-A3DA-C116485569F0}.Debug|x86.Build.0 = Debug|Any CPU
		{D914C2F2-A138-4147-A3DA-C116485569F0}.Release|Any CPU.ActiveCfg = Release|Any CPU
		{D914C2F2-A138-4147-A3DA-C116485569F0}.Release|Any CPU.Build.0 = Release|Any CPU
		{D914C2F2-A138-4147-A3DA-C116485569F0}.Release|x64.ActiveCfg = Release|Any CPU
		{D914C2F2-A138-4147-A3DA-C116485569F0}.Release|x64.Build.0 = Release|Any CPU
		{D914C2F2-A138-4147-A3DA-C116485569F0}.Release|x86.ActiveCfg = Release|Any CPU
		{D914C2F2-A138-4147-A3DA-C116485569F0}.Release|x86.Build.0 = Release|Any CPU
		{BC08A395-16F5-4C1A-B443-F46D32DA0331}.Debug|Any CPU.ActiveCfg = Debug|Any CPU
		{BC08A395-16F5-4C1A-B443-F46D32DA0331}.Debug|Any CPU.Build.0 = Debug|Any CPU
		{BC08A395-16F5-4C1A-B443-F46D32DA0331}.Debug|x64.ActiveCfg = Debug|Any CPU
		{BC08A395-16F5-4C1A-B443-F46D32DA0331}.Debug|x64.Build.0 = Debug|Any CPU
		{BC08A395-16F5-4C1A-B443-F46D32DA0331}.Debug|x86.ActiveCfg = Debug|Any CPU
		{BC08A395-16F5-4C1A-B443-F46D32DA0331}.Debug|x86.Build.0 = Debug|Any CPU
		{BC08A395-16F5-4C1A-B443-F46D32DA0331}.Release|Any CPU.ActiveCfg = Release|Any CPU
		{BC08A395-16F5-4C1A-B443-F46D32DA0331}.Release|Any CPU.Build.0 = Release|Any CPU
		{BC08A395-16F5-4C1A-B443-F46D32DA0331}.Release|x64.ActiveCfg = Release|Any CPU
		{BC08A395-16F5-4C1A-B443-F46D32DA0331}.Release|x64.Build.0 = Release|Any CPU
		{BC08A395-16F5-4C1A-B443-F46D32DA0331}.Release|x86.ActiveCfg = Release|Any CPU
		{BC08A395-16F5-4C1A-B443-F46D32DA0331}.Release|x86.Build.0 = Release|Any CPU
		{0C5C3BE9-23C8-4589-A4D4-D29F96A93481}.Debug|Any CPU.ActiveCfg = Debug|Any CPU
		{0C5C3BE9-23C8-4589-A4D4-D29F96A93481}.Debug|Any CPU.Build.0 = Debug|Any CPU
		{0C5C3BE9-23C8-4589-A4D4-D29F96A93481}.Debug|x64.ActiveCfg = Debug|Any CPU
		{0C5C3BE9-23C8-4589-A4D4-D29F96A93481}.Debug|x64.Build.0 = Debug|Any CPU
		{0C5C3BE9-23C8-4589-A4D4-D29F96A93481}.Debug|x86.ActiveCfg = Debug|Any CPU
		{0C5C3BE9-23C8-4589-A4D4-D29F96A93481}.Debug|x86.Build.0 = Debug|Any CPU
		{0C5C3BE9-23C8-4589-A4D4-D29F96A93481}.Release|Any CPU.ActiveCfg = Release|Any CPU
		{0C5C3BE9-23C8-4589-A4D4-D29F96A93481}.Release|Any CPU.Build.0 = Release|Any CPU
		{0C5C3BE9-23C8-4589-A4D4-D29F96A93481}.Release|x64.ActiveCfg = Release|Any CPU
		{0C5C3BE9-23C8-4589-A4D4-D29F96A93481}.Release|x64.Build.0 = Release|Any CPU
		{0C5C3BE9-23C8-4589-A4D4-D29F96A93481}.Release|x86.ActiveCfg = Release|Any CPU
		{0C5C3BE9-23C8-4589-A4D4-D29F96A93481}.Release|x86.Build.0 = Release|Any CPU
		{DD423C76-BCAD-4582-9459-6E4021209705}.Debug|Any CPU.ActiveCfg = Debug|Any CPU
		{DD423C76-BCAD-4582-9459-6E4021209705}.Debug|Any CPU.Build.0 = Debug|Any CPU
		{DD423C76-BCAD-4582-9459-6E4021209705}.Debug|x64.ActiveCfg = Debug|Any CPU
		{DD423C76-BCAD-4582-9459-6E4021209705}.Debug|x64.Build.0 = Debug|Any CPU
		{DD423C76-BCAD-4582-9459-6E4021209705}.Debug|x86.ActiveCfg = Debug|Any CPU
		{DD423C76-BCAD-4582-9459-6E4021209705}.Debug|x86.Build.0 = Debug|Any CPU
		{DD423C76-BCAD-4582-9459-6E4021209705}.Release|Any CPU.ActiveCfg = Release|Any CPU
		{DD423C76-BCAD-4582-9459-6E4021209705}.Release|Any CPU.Build.0 = Release|Any CPU
		{DD423C76-BCAD-4582-9459-6E4021209705}.Release|x64.ActiveCfg = Release|Any CPU
		{DD423C76-BCAD-4582-9459-6E4021209705}.Release|x64.Build.0 = Release|Any CPU
		{DD423C76-BCAD-4582-9459-6E4021209705}.Release|x86.ActiveCfg = Release|Any CPU
		{DD423C76-BCAD-4582-9459-6E4021209705}.Release|x86.Build.0 = Release|Any CPU
		{71C51D80-9868-40F9-A96B-FC57ADD13F07}.Debug|Any CPU.ActiveCfg = Debug|Any CPU
		{71C51D80-9868-40F9-A96B-FC57ADD13F07}.Debug|Any CPU.Build.0 = Debug|Any CPU
		{71C51D80-9868-40F9-A96B-FC57ADD13F07}.Debug|x64.ActiveCfg = Debug|Any CPU
		{71C51D80-9868-40F9-A96B-FC57ADD13F07}.Debug|x64.Build.0 = Debug|Any CPU
		{71C51D80-9868-40F9-A96B-FC57ADD13F07}.Debug|x86.ActiveCfg = Debug|Any CPU
		{71C51D80-9868-40F9-A96B-FC57ADD13F07}.Debug|x86.Build.0 = Debug|Any CPU
		{71C51D80-9868-40F9-A96B-FC57ADD13F07}.Release|Any CPU.ActiveCfg = Release|Any CPU
		{71C51D80-9868-40F9-A96B-FC57ADD13F07}.Release|Any CPU.Build.0 = Release|Any CPU
		{71C51D80-9868-40F9-A96B-FC57ADD13F07}.Release|x64.ActiveCfg = Release|Any CPU
		{71C51D80-9868-40F9-A96B-FC57ADD13F07}.Release|x64.Build.0 = Release|Any CPU
		{71C51D80-9868-40F9-A96B-FC57ADD13F07}.Release|x86.ActiveCfg = Release|Any CPU
		{71C51D80-9868-40F9-A96B-FC57ADD13F07}.Release|x86.Build.0 = Release|Any CPU
		{AFFFCCB5-EC39-47E4-968D-E295213A9F88}.Debug|Any CPU.ActiveCfg = Debug|Any CPU
		{AFFFCCB5-EC39-47E4-968D-E295213A9F88}.Debug|Any CPU.Build.0 = Debug|Any CPU
		{AFFFCCB5-EC39-47E4-968D-E295213A9F88}.Debug|x64.ActiveCfg = Debug|Any CPU
		{AFFFCCB5-EC39-47E4-968D-E295213A9F88}.Debug|x64.Build.0 = Debug|Any CPU
		{AFFFCCB5-EC39-47E4-968D-E295213A9F88}.Debug|x86.ActiveCfg = Debug|Any CPU
		{AFFFCCB5-EC39-47E4-968D-E295213A9F88}.Debug|x86.Build.0 = Debug|Any CPU
		{AFFFCCB5-EC39-47E4-968D-E295213A9F88}.Release|Any CPU.ActiveCfg = Release|Any CPU
		{AFFFCCB5-EC39-47E4-968D-E295213A9F88}.Release|Any CPU.Build.0 = Release|Any CPU
		{AFFFCCB5-EC39-47E4-968D-E295213A9F88}.Release|x64.ActiveCfg = Release|Any CPU
		{AFFFCCB5-EC39-47E4-968D-E295213A9F88}.Release|x64.Build.0 = Release|Any CPU
		{AFFFCCB5-EC39-47E4-968D-E295213A9F88}.Release|x86.ActiveCfg = Release|Any CPU
		{AFFFCCB5-EC39-47E4-968D-E295213A9F88}.Release|x86.Build.0 = Release|Any CPU
	EndGlobalSection
	GlobalSection(SolutionProperties) = preSolution
		HideSolutionNode = FALSE
	EndGlobalSection
	GlobalSection(ExtensibilityGlobals) = postSolution
		SolutionGuid = {155D7332-2A84-4686-BC68-781B41278741}
	EndGlobalSection
EndGlobal
