
Microsoft Visual Studio Solution File, Format Version 12.00
# Visual Studio 2013
VisualStudioVersion = 12.0.21005.1
MinimumVisualStudioVersion = 10.0.40219.1
Project("{FAE04EC0-301F-11D3-BF4B-00C04F79EFBC}") = "01、for循环", "01、for循环\01、for循环.csproj", "{F64A2E01-5B71-4402-989F-5EF380A33DF4}"
EndProject
Project("{FAE04EC0-301F-11D3-BF4B-00C04F79EFBC}") = "02、for循环的正序和倒序输出", "02、for循环的正序和倒序输出\02、for循环的正序和倒序输出.csproj", "{805FF0E2-DE9C-454F-B2A5-02560A36E863}"
EndProject
Project("{FAE04EC0-301F-11D3-BF4B-00C04F79EFBC}") = "03、水仙花数", "03、水仙花数\03、水仙花数.csproj", "{B561708C-00FB-4A23-8491-AC6A3BCA8A0F}"
EndProject
Project("{FAE04EC0-301F-11D3-BF4B-00C04F79EFBC}") = "04、for循环的嵌套", "04、for循环的嵌套\04、for循环的嵌套.csproj", "{0E180470-77C9-4065-93D8-6B14CC2FA3E8}"
EndProject
Project("{FAE04EC0-301F-11D3-BF4B-00C04F79EFBC}") = "05乘法口诀表", "05乘法口诀表\05乘法口诀表.csproj", "{C046CE97-EAB3-4D60-861F-556EB75FA869}"
EndProject
Project("{FAE04EC0-301F-11D3-BF4B-00C04F79EFBC}") = "06for循环练习", "06for循环练习\06for循环练习.csproj", "{976672E5-4862-4C57-9229-D73094415FBE}"
EndProject
Project("{FAE04EC0-301F-11D3-BF4B-00C04F79EFBC}") = "07break", "07break\07break.csproj", "{AA060175-92EF-46E9-ABFA-43297F0CA07F}"
EndProject
Project("{FAE04EC0-301F-11D3-BF4B-00C04F79EFBC}") = "08类型转换", "08类型转换\08类型转换.csproj", "{31D3B449-0F5C-4983-87FA-DDD538DE4EDB}"
EndProject
Project("{FAE04EC0-301F-11D3-BF4B-00C04F79EFBC}") = "09、3个练习", "09、3个练习\09、3个练习.csproj", "{A5C309C9-C3C4-472B-A740-0D1FE55D112B}"
EndProject
Project("{FAE04EC0-301F-11D3-BF4B-00C04F79EFBC}") = "10continue", "10continue\10continue.csproj", "{EC9FD7C5-FFD0-4EF1-BAE5-05D2EC436940}"
EndProject
Project("{FAE04EC0-301F-11D3-BF4B-00C04F79EFBC}") = "11三元表达式", "11三元表达式\11三元表达式.csproj", "{09886D82-7D6D-4E71-8A32-74B77E04FBD0}"
EndProject
Project("{FAE04EC0-301F-11D3-BF4B-00C04F79EFBC}") = "12产生随机数", "12产生随机数\12产生随机数.csproj", "{B50B6536-B992-4FC0-843A-BD0CA2A308CF}"
EndProject
Project("{FAE04EC0-301F-11D3-BF4B-00C04F79EFBC}") = "13随机数练习", "13随机数练习\13随机数练习.csproj", "{D7CD6008-7BE5-42D7-A95C-EDE349C5BB5F}"
EndProject
Project("{FAE04EC0-301F-11D3-BF4B-00C04F79EFBC}") = "14常量", "14常量\14常量.csproj", "{6191DA63-7C4F-4C43-AA66-7E25D59E21F3}"
EndProject
Project("{FAE04EC0-301F-11D3-BF4B-00C04F79EFBC}") = "15枚举", "15枚举\15枚举.csproj", "{45DDA720-29F7-400D-B084-23DB9593BDFD}"
EndProject
Project("{FAE04EC0-301F-11D3-BF4B-00C04F79EFBC}") = "17枚举类型和string类型、int类型之间的转换", "17枚举类型和string类型、int类型之间的转换\17枚举类型和string类型、int类型之间的转换.csproj", "{027631BE-2EFA-41CC-96E4-AC2B6EF94F32}"
EndProject
Project("{FAE04EC0-301F-11D3-BF4B-00C04F79EFBC}") = "18结构类型", "18结构类型\18结构类型.csproj", "{5B64B21E-C815-4352-994B-CEFAA1564EA8}"
EndProject
Project("{FAE04EC0-301F-11D3-BF4B-00C04F79EFBC}") = "18结构练习", "18结构练习\18结构练习.csproj", "{8F8E4831-02CA-45CA-A794-6E9C3BCAD4B7}"
EndProject
Project("{FAE04EC0-301F-11D3-BF4B-00C04F79EFBC}") = "19结构练习", "19结构练习\19结构练习.csproj", "{62EB8627-E7E6-4E13-9B98-27C73BF69A7E}"
EndProject
Project("{FAE04EC0-301F-11D3-BF4B-00C04F79EFBC}") = "20随机数的时间种子", "20随机数的时间种子\20随机数的时间种子.csproj", "{F497B781-CAD8-46CB-AC5E-FE228BA3B48D}"
EndProject
Project("{FAE04EC0-301F-11D3-BF4B-00C04F79EFBC}") = "21数组", "21数组\21数组.csproj", "{62BB634B-49AA-4D90-ADD8-624735155489}"
EndProject
Project("{FAE04EC0-301F-11D3-BF4B-00C04F79EFBC}") = "22数组的几种声明方式", "22数组的几种声明方式\22数组的几种声明方式.csproj", "{0B2A89DF-7557-4A9D-B8BD-9144448B2054}"
EndProject
Global
	GlobalSection(SolutionConfigurationPlatforms) = preSolution
		Debug|Any CPU = Debug|Any CPU
		Release|Any CPU = Release|Any CPU
	EndGlobalSection
	GlobalSection(ProjectConfigurationPlatforms) = postSolution
		{F64A2E01-5B71-4402-989F-5EF380A33DF4}.Debug|Any CPU.ActiveCfg = Debug|Any CPU
		{F64A2E01-5B71-4402-989F-5EF380A33DF4}.Debug|Any CPU.Build.0 = Debug|Any CPU
		{F64A2E01-5B71-4402-989F-5EF380A33DF4}.Release|Any CPU.ActiveCfg = Release|Any CPU
		{F64A2E01-5B71-4402-989F-5EF380A33DF4}.Release|Any CPU.Build.0 = Release|Any CPU
		{805FF0E2-DE9C-454F-B2A5-02560A36E863}.Debug|Any CPU.ActiveCfg = Debug|Any CPU
		{805FF0E2-DE9C-454F-B2A5-02560A36E863}.Debug|Any CPU.Build.0 = Debug|Any CPU
		{805FF0E2-DE9C-454F-B2A5-02560A36E863}.Release|Any CPU.ActiveCfg = Release|Any CPU
		{805FF0E2-DE9C-454F-B2A5-02560A36E863}.Release|Any CPU.Build.0 = Release|Any CPU
		{B561708C-00FB-4A23-8491-AC6A3BCA8A0F}.Debug|Any CPU.ActiveCfg = Debug|Any CPU
		{B561708C-00FB-4A23-8491-AC6A3BCA8A0F}.Debug|Any CPU.Build.0 = Debug|Any CPU
		{B561708C-00FB-4A23-8491-AC6A3BCA8A0F}.Release|Any CPU.ActiveCfg = Release|Any CPU
		{B561708C-00FB-4A23-8491-AC6A3BCA8A0F}.Release|Any CPU.Build.0 = Release|Any CPU
		{0E180470-77C9-4065-93D8-6B14CC2FA3E8}.Debug|Any CPU.ActiveCfg = Debug|Any CPU
		{0E180470-77C9-4065-93D8-6B14CC2FA3E8}.Debug|Any CPU.Build.0 = Debug|Any CPU
		{0E180470-77C9-4065-93D8-6B14CC2FA3E8}.Release|Any CPU.ActiveCfg = Release|Any CPU
		{0E180470-77C9-4065-93D8-6B14CC2FA3E8}.Release|Any CPU.Build.0 = Release|Any CPU
		{C046CE97-EAB3-4D60-861F-556EB75FA869}.Debug|Any CPU.ActiveCfg = Debug|Any CPU
		{C046CE97-EAB3-4D60-861F-556EB75FA869}.Debug|Any CPU.Build.0 = Debug|Any CPU
		{C046CE97-EAB3-4D60-861F-556EB75FA869}.Release|Any CPU.ActiveCfg = Release|Any CPU
		{C046CE97-EAB3-4D60-861F-556EB75FA869}.Release|Any CPU.Build.0 = Release|Any CPU
		{976672E5-4862-4C57-9229-D73094415FBE}.Debug|Any CPU.ActiveCfg = Debug|Any CPU
		{976672E5-4862-4C57-9229-D73094415FBE}.Debug|Any CPU.Build.0 = Debug|Any CPU
		{976672E5-4862-4C57-9229-D73094415FBE}.Release|Any CPU.ActiveCfg = Release|Any CPU
		{976672E5-4862-4C57-9229-D73094415FBE}.Release|Any CPU.Build.0 = Release|Any CPU
		{AA060175-92EF-46E9-ABFA-43297F0CA07F}.Debug|Any CPU.ActiveCfg = Debug|Any CPU
		{AA060175-92EF-46E9-ABFA-43297F0CA07F}.Debug|Any CPU.Build.0 = Debug|Any CPU
		{AA060175-92EF-46E9-ABFA-43297F0CA07F}.Release|Any CPU.ActiveCfg = Release|Any CPU
		{AA060175-92EF-46E9-ABFA-43297F0CA07F}.Release|Any CPU.Build.0 = Release|Any CPU
		{31D3B449-0F5C-4983-87FA-DDD538DE4EDB}.Debug|Any CPU.ActiveCfg = Debug|Any CPU
		{31D3B449-0F5C-4983-87FA-DDD538DE4EDB}.Debug|Any CPU.Build.0 = Debug|Any CPU
		{31D3B449-0F5C-4983-87FA-DDD538DE4EDB}.Release|Any CPU.ActiveCfg = Release|Any CPU
		{31D3B449-0F5C-4983-87FA-DDD538DE4EDB}.Release|Any CPU.Build.0 = Release|Any CPU
		{A5C309C9-C3C4-472B-A740-0D1FE55D112B}.Debug|Any CPU.ActiveCfg = Debug|Any CPU
		{A5C309C9-C3C4-472B-A740-0D1FE55D112B}.Debug|Any CPU.Build.0 = Debug|Any CPU
		{A5C309C9-C3C4-472B-A740-0D1FE55D112B}.Release|Any CPU.ActiveCfg = Release|Any CPU
		{A5C309C9-C3C4-472B-A740-0D1FE55D112B}.Release|Any CPU.Build.0 = Release|Any CPU
		{EC9FD7C5-FFD0-4EF1-BAE5-05D2EC436940}.Debug|Any CPU.ActiveCfg = Debug|Any CPU
		{EC9FD7C5-FFD0-4EF1-BAE5-05D2EC436940}.Debug|Any CPU.Build.0 = Debug|Any CPU
		{EC9FD7C5-FFD0-4EF1-BAE5-05D2EC436940}.Release|Any CPU.ActiveCfg = Release|Any CPU
		{EC9FD7C5-FFD0-4EF1-BAE5-05D2EC436940}.Release|Any CPU.Build.0 = Release|Any CPU
		{09886D82-7D6D-4E71-8A32-74B77E04FBD0}.Debug|Any CPU.ActiveCfg = Debug|Any CPU
		{09886D82-7D6D-4E71-8A32-74B77E04FBD0}.Debug|Any CPU.Build.0 = Debug|Any CPU
		{09886D82-7D6D-4E71-8A32-74B77E04FBD0}.Release|Any CPU.ActiveCfg = Release|Any CPU
		{09886D82-7D6D-4E71-8A32-74B77E04FBD0}.Release|Any CPU.Build.0 = Release|Any CPU
		{B50B6536-B992-4FC0-843A-BD0CA2A308CF}.Debug|Any CPU.ActiveCfg = Debug|Any CPU
		{B50B6536-B992-4FC0-843A-BD0CA2A308CF}.Debug|Any CPU.Build.0 = Debug|Any CPU
		{B50B6536-B992-4FC0-843A-BD0CA2A308CF}.Release|Any CPU.ActiveCfg = Release|Any CPU
		{B50B6536-B992-4FC0-843A-BD0CA2A308CF}.Release|Any CPU.Build.0 = Release|Any CPU
		{D7CD6008-7BE5-42D7-A95C-EDE349C5BB5F}.Debug|Any CPU.ActiveCfg = Debug|Any CPU
		{D7CD6008-7BE5-42D7-A95C-EDE349C5BB5F}.Debug|Any CPU.Build.0 = Debug|Any CPU
		{D7CD6008-7BE5-42D7-A95C-EDE349C5BB5F}.Release|Any CPU.ActiveCfg = Release|Any CPU
		{D7CD6008-7BE5-42D7-A95C-EDE349C5BB5F}.Release|Any CPU.Build.0 = Release|Any CPU
		{6191DA63-7C4F-4C43-AA66-7E25D59E21F3}.Debug|Any CPU.ActiveCfg = Debug|Any CPU
		{6191DA63-7C4F-4C43-AA66-7E25D59E21F3}.Debug|Any CPU.Build.0 = Debug|Any CPU
		{6191DA63-7C4F-4C43-AA66-7E25D59E21F3}.Release|Any CPU.ActiveCfg = Release|Any CPU
		{6191DA63-7C4F-4C43-AA66-7E25D59E21F3}.Release|Any CPU.Build.0 = Release|Any CPU
		{45DDA720-29F7-400D-B084-23DB9593BDFD}.Debug|Any CPU.ActiveCfg = Debug|Any CPU
		{45DDA720-29F7-400D-B084-23DB9593BDFD}.Debug|Any CPU.Build.0 = Debug|Any CPU
		{45DDA720-29F7-400D-B084-23DB9593BDFD}.Release|Any CPU.ActiveCfg = Release|Any CPU
		{45DDA720-29F7-400D-B084-23DB9593BDFD}.Release|Any CPU.Build.0 = Release|Any CPU
		{027631BE-2EFA-41CC-96E4-AC2B6EF94F32}.Debug|Any CPU.ActiveCfg = Debug|Any CPU
		{027631BE-2EFA-41CC-96E4-AC2B6EF94F32}.Debug|Any CPU.Build.0 = Debug|Any CPU
		{027631BE-2EFA-41CC-96E4-AC2B6EF94F32}.Release|Any CPU.ActiveCfg = Release|Any CPU
		{027631BE-2EFA-41CC-96E4-AC2B6EF94F32}.Release|Any CPU.Build.0 = Release|Any CPU
		{5B64B21E-C815-4352-994B-CEFAA1564EA8}.Debug|Any CPU.ActiveCfg = Debug|Any CPU
		{5B64B21E-C815-4352-994B-CEFAA1564EA8}.Debug|Any CPU.Build.0 = Debug|Any CPU
		{5B64B21E-C815-4352-994B-CEFAA1564EA8}.Release|Any CPU.ActiveCfg = Release|Any CPU
		{5B64B21E-C815-4352-994B-CEFAA1564EA8}.Release|Any CPU.Build.0 = Release|Any CPU
		{8F8E4831-02CA-45CA-A794-6E9C3BCAD4B7}.Debug|Any CPU.ActiveCfg = Debug|Any CPU
		{8F8E4831-02CA-45CA-A794-6E9C3BCAD4B7}.Debug|Any CPU.Build.0 = Debug|Any CPU
		{8F8E4831-02CA-45CA-A794-6E9C3BCAD4B7}.Release|Any CPU.ActiveCfg = Release|Any CPU
		{8F8E4831-02CA-45CA-A794-6E9C3BCAD4B7}.Release|Any CPU.Build.0 = Release|Any CPU
		{62EB8627-E7E6-4E13-9B98-27C73BF69A7E}.Debug|Any CPU.ActiveCfg = Debug|Any CPU
		{62EB8627-E7E6-4E13-9B98-27C73BF69A7E}.Debug|Any CPU.Build.0 = Debug|Any CPU
		{62EB8627-E7E6-4E13-9B98-27C73BF69A7E}.Release|Any CPU.ActiveCfg = Release|Any CPU
		{62EB8627-E7E6-4E13-9B98-27C73BF69A7E}.Release|Any CPU.Build.0 = Release|Any CPU
		{F497B781-CAD8-46CB-AC5E-FE228BA3B48D}.Debug|Any CPU.ActiveCfg = Debug|Any CPU
		{F497B781-CAD8-46CB-AC5E-FE228BA3B48D}.Debug|Any CPU.Build.0 = Debug|Any CPU
		{F497B781-CAD8-46CB-AC5E-FE228BA3B48D}.Release|Any CPU.ActiveCfg = Release|Any CPU
		{F497B781-CAD8-46CB-AC5E-FE228BA3B48D}.Release|Any CPU.Build.0 = Release|Any CPU
		{62BB634B-49AA-4D90-ADD8-624735155489}.Debug|Any CPU.ActiveCfg = Debug|Any CPU
		{62BB634B-49AA-4D90-ADD8-624735155489}.Debug|Any CPU.Build.0 = Debug|Any CPU
		{62BB634B-49AA-4D90-ADD8-624735155489}.Release|Any CPU.ActiveCfg = Release|Any CPU
		{62BB634B-49AA-4D90-ADD8-624735155489}.Release|Any CPU.Build.0 = Release|Any CPU
		{0B2A89DF-7557-4A9D-B8BD-9144448B2054}.Debug|Any CPU.ActiveCfg = Debug|Any CPU
		{0B2A89DF-7557-4A9D-B8BD-9144448B2054}.Debug|Any CPU.Build.0 = Debug|Any CPU
		{0B2A89DF-7557-4A9D-B8BD-9144448B2054}.Release|Any CPU.ActiveCfg = Release|Any CPU
		{0B2A89DF-7557-4A9D-B8BD-9144448B2054}.Release|Any CPU.Build.0 = Release|Any CPU
	EndGlobalSection
	GlobalSection(SolutionProperties) = preSolution
		HideSolutionNode = FALSE
	EndGlobalSection
EndGlobal
